<?xml version="1.0" encoding="utf-8"?>
<Project ToolsVersion="4.0" xmlns="http://schemas.microsoft.com/developer/msbuild/2003">
  <ItemGroup>
    <Filter Include="Source Files">
      <UniqueIdentifier>{48135456-9e88-4898-a6b5-8f2663c13357}</UniqueIdentifier>
      <Extensions>cpp;c;cxx;rc;def;r;odl;idl;hpj;bat</Extensions>
    </Filter>
    <Filter Include="Header Files">
      <UniqueIdentifier>{ba9f668f-7559-470d-8177-c14f0839338d}</UniqueIdentifier>
      <Extensions>h;hpp;hxx;hm;inl</Extensions>
    </Filter>
    <Filter Include="Resource Files">
      <UniqueIdentifier>{cb1ef853-4bce-4313-8f84-bd522948c0b3}</UniqueIdentifier>
      <Extensions>ico;cur;bmp;dlg;rc2;rct;bin;rgs;gif;jpg;jpeg;jpe</Extensions>
    </Filter>
    <Filter Include="_D3D">
      <UniqueIdentifier>{71b51a65-cc27-4d62-972a-8c921811583b}</UniqueIdentifier>
      <Extensions>cpp;h;</Extensions>
    </Filter>
    <Filter Include="McUtil">
      <UniqueIdentifier>{df0e6464-0287-4bb5-a38a-62e9c4f9cd37}</UniqueIdentifier>
      <Extensions>cpp;h;</Extensions>
    </Filter>
  </ItemGroup>
  <ItemGroup>
    <ClCompile Include="Main.cpp">
      <Filter>Source Files</Filter>
    </ClCompile>
    <ClCompile Include="McCollision.cpp">
      <Filter>Source Files</Filter>
    </ClCompile>
    <ClCompile Include="Mck.cpp">
      <Filter>Source Files</Filter>
    </ClCompile>
    <ClCompile Include="_d3d\d3dapp.cpp">
      <Filter>_D3D</Filter>
    </ClCompile>
    <ClCompile Include="_d3d\d3denum.cpp">
      <Filter>_D3D</Filter>
    </ClCompile>
    <ClCompile Include="_d3d\d3dutil.cpp">
      <Filter>_D3D</Filter>
    </ClCompile>
    <ClCompile Include="_d3d\dxutil.cpp">
      <Filter>_D3D</Filter>
    </ClCompile>
    <ClCompile Include="_McUtil\McCam.cpp">
      <Filter>McUtil</Filter>
    </ClCompile>
    <ClCompile Include="_McUtil\McGrid.cpp">
      <Filter>McUtil</Filter>
    </ClCompile>
    <ClCompile Include="_McUtil\McInput.cpp">
      <Filter>McUtil</Filter>
    </ClCompile>
  </ItemGroup>
  <ItemGroup>
    <ResourceCompile Include="Mck.rc">
      <Filter>Source Files</Filter>
    </ResourceCompile>
  </ItemGroup>
  <ItemGroup>
    <ClInclude Include="_StdAfx.h">
      <Filter>Header Files</Filter>
    </ClInclude>
    <ClInclude Include="Main.h">
      <Filter>Header Files</Filter>
    </ClInclude>
    <ClInclude Include="McCollision.h">
      <Filter>Header Files</Filter>
    </ClInclude>
    <ClInclude Include="resource.h">
      <Filter>Header Files</Filter>
    </ClInclude>
    <ClInclude Include="_d3d\d3dapp.h">
      <Filter>_D3D</Filter>
    </ClInclude>
    <ClInclude Include="_d3d\d3denum.h">
      <Filter>_D3D</Filter>
    </ClInclude>
    <ClInclude Include="_d3d\d3dsettings.h">
      <Filter>_D3D</Filter>
    </ClInclude>
    <ClInclude Include="_d3d\d3dutil.h">
      <Filter>_D3D</Filter>
    </ClInclude>
    <ClInclude Include="_d3d\dxutil.h">
      <Filter>_D3D</Filter>
    </ClInclude>
    <ClInclude Include="_McUtil\McCam.h">
      <Filter>McUtil</Filter>
    </ClInclude>
    <ClInclude Include="_McUtil\McGrid.h">
      <Filter>McUtil</Filter>
    </ClInclude>
    <ClInclude Include="_McUtil\McInput.h">
      <Filter>McUtil</Filter>
    </ClInclude>
  </ItemGroup>
  <ItemGroup>
    <Image Include="DirectX.ico">
      <Filter>Resource Files</Filter>
    </Image>
  </ItemGroup>
  <ItemGroup>
    <None Include="packages.config" />
  </ItemGroup>
</Project>