<?xml version="1.0" encoding="utf-8"?>
<Project ToolsVersion="4.0" xmlns="http://schemas.microsoft.com/developer/msbuild/2003">
  <ItemGroup>
    <Filter Include="Source Files">
      <UniqueIdentifier>{02ea130f-de26-4a9a-8e3f-450f9bf1aa49}</UniqueIdentifier>
      <Extensions>cpp;c;cxx;rc;def;r;odl;idl;hpj;bat</Extensions>
    </Filter>
    <Filter Include="Header Files">
      <UniqueIdentifier>{7ec67227-5f07-4307-8eee-5be29ad4a082}</UniqueIdentifier>
      <Extensions>h;hpp;hxx;hm;inl</Extensions>
    </Filter>
    <Filter Include="Resource Files">
      <UniqueIdentifier>{f88ffd11-b20c-4778-9673-eac112c23fed}</UniqueIdentifier>
      <Extensions>ico;cur;bmp;dlg;rc2;rct;bin;rgs;gif;jpg;jpeg;jpe</Extensions>
    </Filter>
    <Filter Include="_D3D">
      <UniqueIdentifier>{d0001eb6-59ba-4996-beb2-c671910e003b}</UniqueIdentifier>
      <Extensions>cpp;h;</Extensions>
    </Filter>
    <Filter Include="McUtil">
      <UniqueIdentifier>{3d3404c9-5297-4ea1-b40c-785fc70a6923}</UniqueIdentifier>
      <Extensions>cpp;h;</Extensions>
    </Filter>
  </ItemGroup>
  <ItemGroup>
    <ClCompile Include="Main.cpp">
      <Filter>Source Files</Filter>
    </ClCompile>
    <ClCompile Include="McCollision.cpp">
      <Filter>Source Files</Filter>
    </ClCompile>
    <ClCompile Include="Mck.cpp">
      <Filter>Source Files</Filter>
    </ClCompile>
    <ClCompile Include="_d3d\d3dapp.cpp">
      <Filter>_D3D</Filter>
    </ClCompile>
    <ClCompile Include="_d3d\d3denum.cpp">
      <Filter>_D3D</Filter>
    </ClCompile>
    <ClCompile Include="_d3d\d3dutil.cpp">
      <Filter>_D3D</Filter>
    </ClCompile>
    <ClCompile Include="_d3d\dxutil.cpp">
      <Filter>_D3D</Filter>
    </ClCompile>
    <ClCompile Include="_McUtil\McCam.cpp">
      <Filter>McUtil</Filter>
    </ClCompile>
    <ClCompile Include="_McUtil\McGrid.cpp">
      <Filter>McUtil</Filter>
    </ClCompile>
    <ClCompile Include="_McUtil\McInput.cpp">
      <Filter>McUtil</Filter>
    </ClCompile>
  </ItemGroup>
  <ItemGroup>
    <ResourceCompile Include="Mck.rc">
      <Filter>Source Files</Filter>
    </ResourceCompile>
  </ItemGroup>
  <ItemGroup>
    <ClInclude Include="_StdAfx.h">
      <Filter>Header Files</Filter>
    </ClInclude>
    <ClInclude Include="Main.h">
      <Filter>Header Files</Filter>
    </ClInclude>
    <ClInclude Include="McCollision.h">
      <Filter>Header Files</Filter>
    </ClInclude>
    <ClInclude Include="resource.h">
      <Filter>Header Files</Filter>
    </ClInclude>
    <ClInclude Include="_d3d\d3dapp.h">
      <Filter>_D3D</Filter>
    </ClInclude>
    <ClInclude Include="_d3d\d3denum.h">
      <Filter>_D3D</Filter>
    </ClInclude>
    <ClInclude Include="_d3d\d3dsettings.h">
      <Filter>_D3D</Filter>
    </ClInclude>
    <ClInclude Include="_d3d\d3dutil.h">
      <Filter>_D3D</Filter>
    </ClInclude>
    <ClInclude Include="_d3d\dxutil.h">
      <Filter>_D3D</Filter>
    </ClInclude>
    <ClInclude Include="_McUtil\McCam.h">
      <Filter>McUtil</Filter>
    </ClInclude>
    <ClInclude Include="_McUtil\McGrid.h">
      <Filter>McUtil</Filter>
    </ClInclude>
    <ClInclude Include="_McUtil\McInput.h">
      <Filter>McUtil</Filter>
    </ClInclude>
  </ItemGroup>
  <ItemGroup>
    <Image Include="DirectX.ico">
      <Filter>Resource Files</Filter>
    </Image>
  </ItemGroup>
  <ItemGroup>
    <None Include="packages.config" />
  </ItemGroup>
</Project>